
Microsoft Visual Studio Solution File, Format Version 12.00
# Visual Studio Version 16
VisualStudioVersion = 16.0.32901.82
MinimumVisualStudioVersion = 10.0.40219.1
Project("{FAE04EC0-301F-11D3-BF4B-00C04F79EFBC}") = "Project", "Project\Project.csproj", "{9700FF99-D1CF-4A5E-A54B-3985DB393395}"
EndProject
Global
	GlobalSection(SolutionConfigurationPlatforms) = preSolution
		Debug|Any CPU = Debug|Any CPU
		Release|Any CPU = Release|Any CPU
	EndGlobalSection
	GlobalSection(ProjectConfigurationPlatforms) = postSolution
		{9700FF99-D1CF-4A5E-A54B-3985DB393395}.Debug|Any CPU.ActiveCfg = Debug|Any CPU
		{9700FF99-D1CF-4A5E-A54B-3985DB393395}.Debug|Any CPU.Build.0 = Debug|Any CPU
		{9700FF99-D1CF-4A5E-A54B-3985DB393395}.Release|Any CPU.ActiveCfg = Release|Any CPU
		{9700FF99-D1CF-4A5E-A54B-3985DB393395}.Release|Any CPU.Build.0 = Release|Any CPU
	EndGlobalSection
	GlobalSection(SolutionProperties) = preSolution
		HideSolutionNode = FALSE
	EndGlobalSection
	GlobalSection(ExtensibilityGlobals) = postSolution
		SolutionGuid = {979CB47A-F91D-4A40-9229-76201DEF4104}
	EndGlobalSection
EndGlobal
